github.com/995933447/easymicro v0.0.0-20260107134559-87f6345bc3c1 h1:yWvbPncKm6gf11p9WnRtZA0Og0xW6nd/NMl7oUNYqSk=
github.com/995933447/easymicro v0.0.0-20260107134559-87f6345bc3c1/go.mod h1:udTTlaTvF0BW1Kj74dgdC1TB0FoSjtmxEELVbk1cea8=
github.com/995933447/elemutil v0.0.0-20251223195530-dad95e63a6d2 h1:IAijfefbIs06LrB2XqPO85uoB5Cv85Kw0p4MeqH0X4o=
github.com/995933447/elemutil v0.0.0-20251223195530-dad95e63a6d2/go.mod h1:EF87ykGl7PIcSCF1lmqMHwohMtc8p0uzgP8F2Swg9XA=
github.com/995933447/idgen v0.0.0-20251208110722-43ed35e54c62 h1:MrI/n5OIhaS0EsEdz97DnLdxC+aoL4heMMiaMBS8VrY=
github.com/995933447/idgen v0.0.0-20251208110722-43ed35e54c62/go.mod h1:b/xRszLqx/N4yKuKcEwrkgscXXBfmHzIwu0y0AujnQI=
github.com/995933447/mconfigcenter v0.0.0-20251227114849-53a20a6c1450 h1:ilul6p/wKGXDgzMtn6cYdrkVnyKkc6VHjE+i4854LCE=
github.com/995933447/mconfigcenter v0.0.0-20251227114849-53a20a6c1450/go.mod h1:B4eyHIBKnt0JbuVuNRKvE2x3hQfehEgVGr3FH3cD5A8=
github.com/995933447/rbac v0.0.0-20251208110518-9dc4e2140cea h1:1v2bpfSUVBB78C7itRz23z4ceWyPGwJdSH9ILjzJBEM=
github.com/995933447/rbac v0.0.0-20251208110518-9dc4e2140cea/go.mod h1:NfR+lzQ4Q77g+8z06FcxjgeIaTM5fHcHvsZa5lsrk0A=
github.com/995933447/rbac v0.0.0-20251209110059-642f9ebb324e h1:1EK8Pqqxd9Lvcz84Ct23kgh28j7BA1N7IQ+8crQREO4=
github.com/995933447/rbac v0.0.0-20251209110059-642f9ebb324e/go.mod h1:NfR+lzQ4Q77g+8z06FcxjgeIaTM5fHcHvsZa5lsrk0A=
github.com/995933447/rbac v0.0.0-20260107134545-bfa9c4c67a7e h1:v/hSItKrP5cHnMWFiqC29167PdBQNr4XRuaQ6vK4KZw=
github.com/995933447/rbac v0.0.0-20260107134545-bfa9c4c67a7e/go.mod h1:HpRGZTXMYbkT4ZbWFhF/gQMDPsOkbdsTQQouJ/3qm20=
github.com/995933447/reflectutil v0.0.0-20230630100141-2cf8599f7a82 h1:2tx2JOVFQ8tUlWWzH7BvLMORFeLLXdIh8KXl9j+FoBQ=
github.com/995933447/reflectutil v0.0.0-20230630100141-2cf8599f7a82/go.mod h1:Tkho/yq1vuQTuZSuacoXxDkMvU1qtjjbAsB6VEamfa0=
github.com/995933447/reflectutil v0.0.0-20230804071639-c3f1c779b6c3/go.mod h1:Tkho/yq1vuQTuZSuacoXxDkMvU1qtjjbAsB6VEamfa0=
github.com/995933447/routeredis v0.0.0-20251209050640-6fa810301650 h1:zBNLGbFZ7m0tBKa+UfzRI4SDm4qMChTNQ3iOQGBO8xY=
github.com/995933447/routeredis v0.0.0-20251209050640-6fa810301650/go.mod h1:0ke5n5XR9NXw8aTQAoPJ1zO3m4LFxOM1LUZxjuH6m5M=
github.com/995933447/stringhelper-go v0.0.0-20221220072216-628db3bc29d8 h1:q37SO0GTj/dk35jov187h3CACffZle6KjVzgGOrLkBM=
github.com/995933447/stringhelper-go v0.0.0-20221220072216-628db3bc29d8/go.mod h1:cwkwj1/zndmaLbRYgQqy6qwY/ITAiEMdR+1BGssgXik=
github.com/995933447/stringhelper-go v0.0.0-20251106145056-e7fcf480d316/go.mod h1:cwkwj1/zndmaLbRYgQqy6qwY/ITAiEMdR+1BGssgXik=
github.com/davecgh/go-spew v1.1.0/go.mod h1:J7Y8YcW2NihsgmVo/mv3lAwl/skON4iLHjSsI+c5H38=
github.com/davecgh/go-spew v1.1.1/go.mod h1:J7Y8YcW2NihsgmVo/mv3lAwl/skON4iLHjSsI+c5H38=
github.com/deatil/go-cryptobin v1.1.1012 h1:Wk3eQfQi0Aa8ZL90RFd34ISj4qPfGye3XWZbrxktrlc=
github.com/deatil/go-cryptobin v1.1.1012/go.mod h1:x+/+SzyfbxliY2y0Fwe+OoLU0DEt9kWs6OMiwghcfJ0=
github.com/golang-jwt/jwt/v5 v5.3.0 h1:pv4AsKCKKZuqlgs5sUmn4x8UlGa0kEVt/puTpKx9vvo=
github.com/golang-jwt/jwt/v5 v5.3.0/go.mod h1:fxCRLWMO43lRc8nhHWY6LGqRcf+1gQWArsqaEUEa5bE=
github.com/gomodule/redigo v1.8.5/go.mod h1:P9dn9mFrCBvWhGE1wpxx6fgq7BAeLBk+UUUzlpkBYO0=
github.com/gomodule/redigo v1.9.3 h1:dNPSXeXv6HCq2jdyWfjgmhBdqnR6PRO3m/G05nvpPC8=
github.com/gomodule/redigo v1.9.3/go.mod h1:KsU3hiK/Ay8U42qpaJk+kuNa3C+spxapWpM+ywhcgtw=
github.com/google/gofuzz v1.0.0/go.mod h1:dBl0BpW6vV/+mYPU4Po3pmUjxk6FQPldtuIdl/M65Eg=
github.com/json-iterator/go v1.1.12 h1:PV8peI4a0ysnczrg+LtxykD8LfKY9ML6u2jnxaEnrnM=
github.com/json-iterator/go v1.1.12/go.mod h1:e30LSqwooZae/UwlEbR2852Gd8hjQvJoHmT4TnhNGBo=
github.com/mna/redisc v1.4.0 h1:rBKXyGO/39SGmYoRKCyzXcBpoMMKqkikg8E1G8YIfSA=
github.com/mna/redisc v1.4.0/go.mod h1:CplIoaSTDi5h9icnj4FLbRgHoNKCHDNJDVRztWDGeSQ=
github.com/modern-go/concurrent v0.0.0-20180228061459-e0a39a4cb421/go.mod h1:6dJC0mAP4ikYIbvyc7fijjWJddQyLn8Ig3JB5CqoB9Q=
github.com/modern-go/concurrent v0.0.0-20180306012644-bacd9c7ef1dd h1:TRLaZ9cD/w8PVh93nsPXa1VrQ6jlwL5oN8l14QlcNfg=
github.com/modern-go/concurrent v0.0.0-20180306012644-bacd9c7ef1dd/go.mod h1:6dJC0mAP4ikYIbvyc7fijjWJddQyLn8Ig3JB5CqoB9Q=
github.com/modern-go/reflect2 v1.0.2 h1:xBagoLtFs94CBntxluKeaWgTMpvLxC4ur3nMaC9Gz0M=
github.com/modern-go/reflect2 v1.0.2/go.mod h1:yWuevngMOJpCy52FWWMvUC8ws7m/LJsjYzDa0/r8luk=
github.com/pmezard/go-difflib v1.0.0/go.mod h1:iKH77koFhYxTK1pcRnkKkqfTogsbg7gZNVY4sRDYZ/4=
github.com/stretchr/objx v0.1.0/go.mod h1:HFkY916IF+rwdDfMAkV7OtwuqBVzrE8GR6GFx+wExME=
github.com/stretchr/testify v1.3.0/go.mod h1:M5WIy9Dh21IEIfnGCwXGc5bZfKNJtfHm1UVUgZn+9EI=
github.com/stretchr/testify v1.5.1/go.mod h1:5W2xD1RspED5o8YsWQXVCued0rvSQ+mT+I5cxcmMvtA=
github.com/stretchr/testify v1.7.0/go.mod h1:6Fq8oRcR53rry900zMqJjRRixrwX3KX962/h/Wwjteg=
gopkg.in/check.v1 v0.0.0-20161208181325-20d25e280405/go.mod h1:Co6ibVJAznAaIkqp8huTwlJQCZ016jof/cbN4VW5Yz0=
gopkg.in/yaml.v2 v2.2.2/go.mod h1:hI93XBmqTisBFMUTm0b8Fm+jr3Dg1NNxqwp+5A1VGuI=
gopkg.in/yaml.v3 v3.0.0-20200313102051-9f266ea9e77c/go.mod h1:K4uyk7z7BCEPqu6E+C64Yfv1cQ7kz7rIZviUmN+EgEM=
